# THIS IS AN AUTOGENERATED FILE. DO NOT EDIT THIS FILE DIRECTLY.
# yarn lockfile v1
async@~0.9.0:
  version "0.9.2"
  resolved "https://registry.yarnpkg.com/async/-/async-0.9.2.tgz#aea74d5e61c1f899613bf64bda66d4c78f2fd17d"

combined-stream@~0.0.4:
  version "0.0.7"
  resolved "https://registry.yarnpkg.com/combined-stream/-/combined-stream-0.0.7.tgz#0137e657baa5a7541c57ac37ac5fc07d73b4dc1f"
  dependencies:
    delayed-stream "0.0.5"

commander@0.6.1:
  version "0.6.1"
  resolved "https://registry.yarnpkg.com/commander/-/commander-0.6.1.tgz#fa68a14f6a945d54dbbe50d8cdb3320e9e3b1a06"

commander@2.3.0:
  version "2.3.0"
  resolved "https://registry.yarnpkg.com/commander/-/commander-2.3.0.tgz#fd430e889832ec353b9acd1de217c11cb3eef873"

component-emitter@~1.2.0:
  version "1.2.1"
  resolved "https://registry.yarnpkg.com/component-emitter/-/component-emitter-1.2.1.tgz#137918d6d78283f7df7a6b7c5a63e140e69425e6"

cookiejar@2.0.6:
  version "2.0.6"
  resolved "https://registry.yarnpkg.com/cookiejar/-/cookiejar-2.0.6.tgz#0abf356ad00d1c5a219d88d44518046dd026acfe"

core-util-is@~1.0.0:
  version "1.0.2"
  resolved "https://registry.yarnpkg.com/core-util-is/-/core-util-is-1.0.2.tgz#b5fd54220aa2bc5ab57aab7140c940754503c1a7"

debug@2, debug@2.2.0:
  version "2.2.0"
  resolved "https://registry.yarnpkg.com/debug/-/debug-2.2.0.tgz#f87057e995b1a1f6ae6a4960664137bc56f039da"
  dependencies:
    ms "0.7.1"

delayed-stream@0.0.5:
  version "0.0.5"
  resolved "https://registry.yarnpkg.com/delayed-stream/-/delayed-stream-0.0.5.tgz#d4b1f43a93e8296dfe02694f4680bc37a313c73f"

diff@1.4.0:
  version "1.4.0"
  resolved "https://registry.yarnpkg.com/diff/-/diff-1.4.0.tgz#7f28d2eb9ee7b15a97efd89ce63dcfdaa3ccbabf"

escape-string-regexp@1.0.2:
  version "1.0.2"
  resolved "https://registry.yarnpkg.com/escape-string-regexp/-/escape-string-regexp-1.0.2.tgz#4dbc2fe674e71949caf3fb2695ce7f2dc1d9a8d1"

expect.js@~0.3.1:
  version "0.3.1"
  resolved "https://registry.yarnpkg.com/expect.js/-/expect.js-0.3.1.tgz#b0a59a0d2eff5437544ebf0ceaa6015841d09b5b"

extend@1.2.1:
  version "1.2.1"
  resolved "https://registry.yarnpkg.com/extend/-/extend-1.2.1.tgz#a0f5fd6cfc83a5fe49ef698d60ec8a624dd4576c"

form-data@0.2.0:
  version "0.2.0"
  resolved "https://registry.yarnpkg.com/form-data/-/form-data-0.2.0.tgz#26f8bc26da6440e299cbdcfb69035c4f77a6e466"
  dependencies:
    async "~0.9.0"
    combined-stream "~0.0.4"
    mime-types "~2.0.3"

formatio@1.1.1:
  version "1.1.1"
  resolved "https://registry.yarnpkg.com/formatio/-/formatio-1.1.1.tgz#5ed3ccd636551097383465d996199100e86161e9"
  dependencies:
    samsam "~1.1"

formidable@~1.0.14:
  version "1.0.17"
  resolved "https://registry.yarnpkg.com/formidable/-/formidable-1.0.17.tgz#ef5491490f9433b705faa77249c99029ae348559"

glob@3.2.3:
  version "3.2.3"
  resolved "https://registry.yarnpkg.com/glob/-/glob-3.2.3.tgz#e313eeb249c7affaa5c475286b0e115b59839467"
  dependencies:
    graceful-fs "~2.0.0"
    inherits "2"
    minimatch "~0.2.11"

graceful-fs@~2.0.0:
  version "2.0.3"
  resolved "https://registry.yarnpkg.com/graceful-fs/-/graceful-fs-2.0.3.tgz#7cd2cdb228a4a3f36e95efa6cc142de7d1a136d0"

growl@1.8.1:
  version "1.8.1"
  resolved "https://registry.yarnpkg.com/growl/-/growl-1.8.1.tgz#4b2dec8d907e93db336624dcec0183502f8c9428"

inherits@~2.0.1, inherits@2:
  version "2.0.3"
  resolved "https://registry.yarnpkg.com/inherits/-/inherits-2.0.3.tgz#633c2c83e3da42a502f52466022480f4208261de"

inherits@2.0.1:
  version "2.0.1"
  resolved "https://registry.yarnpkg.com/inherits/-/inherits-2.0.1.tgz#b17d08d326b4423e568eff719f91b0b1cbdf69f1"

isarray@0.0.1:
  version "0.0.1"
  resolved "https://registry.yarnpkg.com/isarray/-/isarray-0.0.1.tgz#8a18acfca9a8f4177e09abfc6038939b05d1eedf"

jade@0.26.3:
  version "0.26.3"
  resolved "https://registry.yarnpkg.com/jade/-/jade-0.26.3.tgz#8f10d7977d8d79f2f6ff862a81b0513ccb25686c"
  dependencies:
    commander "0.6.1"
    mkdirp "0.3.0"

lolex@1.3.2:
  version "1.3.2"
  resolved "https://registry.yarnpkg.com/lolex/-/lolex-1.3.2.tgz#7c3da62ffcb30f0f5a80a2566ca24e45d8a01f31"

lru-cache@2:
  version "2.7.3"
  resolved "https://registry.yarnpkg.com/lru-cache/-/lru-cache-2.7.3.tgz#6d4524e8b955f95d4f5b58851ce21dd72fb4e952"

methods@~1.1.1:
  version "1.1.2"
  resolved "https://registry.yarnpkg.com/methods/-/methods-1.1.2.tgz#5529a4d67654134edcc5266656835b0f851afcee"

mime-db@~1.12.0:
  version "1.12.0"
  resolved "https://registry.yarnpkg.com/mime-db/-/mime-db-1.12.0.tgz#3d0c63180f458eb10d325aaa37d7c58ae312e9d7"

mime-types@~2.0.3:
  version "2.0.14"
  resolved "https://registry.yarnpkg.com/mime-types/-/mime-types-2.0.14.tgz#310e159db23e077f8bb22b748dabfa4957140aa6"
  dependencies:
    mime-db "~1.12.0"

mime@1.3.4:
  version "1.3.4"
  resolved "https://registry.yarnpkg.com/mime/-/mime-1.3.4.tgz#115f9e3b6b3daf2959983cb38f149a2d40eb5d53"

minimatch@~0.2.11:
  version "0.2.14"
  resolved "https://registry.yarnpkg.com/minimatch/-/minimatch-0.2.14.tgz#c74e780574f63c6f9a090e90efbe6ef53a6a756a"
  dependencies:
    lru-cache "2"
    sigmund "~1.0.0"

minimist@0.0.8:
  version "0.0.8"
  resolved "https://registry.yarnpkg.com/minimist/-/minimist-0.0.8.tgz#857fcabfc3397d2625b8228262e86aa7a011b05d"

mkdirp@0.3.0:
  version "0.3.0"
  resolved "https://registry.yarnpkg.com/mkdirp/-/mkdirp-0.3.0.tgz#1bbf5ab1ba827af23575143490426455f481fe1e"

mkdirp@0.5.0:
  version "0.5.0"
  resolved "https://registry.yarnpkg.com/mkdirp/-/mkdirp-0.5.0.tgz#1d73076a6df986cd9344e15e71fcc05a4c9abf12"
  dependencies:
    minimist "0.0.8"

mocha@~2.3.4:
  version "2.3.4"
  resolved "https://registry.yarnpkg.com/mocha/-/mocha-2.3.4.tgz#8629a6fb044f2d225aa4b81a2ae2d001699eb266"
  dependencies:
    commander "2.3.0"
    debug "2.2.0"
    diff "1.4.0"
    escape-string-regexp "1.0.2"
    glob "3.2.3"
    growl "1.8.1"
    jade "0.26.3"
    mkdirp "0.5.0"
    supports-color "1.2.0"

ms@0.7.1:
  version "0.7.1"
  resolved "https://registry.yarnpkg.com/ms/-/ms-0.7.1.tgz#9cd13c03adbff25b65effde7ce864ee952017098"

qs@2.3.3:
  version "2.3.3"
  resolved "https://registry.yarnpkg.com/qs/-/qs-2.3.3.tgz#e9e85adbe75da0bbe4c8e0476a086290f863b404"

readable-stream@1.0.27-1:
  version "1.0.27-1"
  resolved "https://registry.yarnpkg.com/readable-stream/-/readable-stream-1.0.27-1.tgz#6b67983c20357cefd07f0165001a16d710d91078"
  dependencies:
    core-util-is "~1.0.0"
    inherits "~2.0.1"
    isarray "0.0.1"
    string_decoder "~0.10.x"

reduce-component@1.0.1:
  version "1.0.1"
  resolved "https://registry.yarnpkg.com/reduce-component/-/reduce-component-1.0.1.tgz#e0c93542c574521bea13df0f9488ed82ab77c5da"

samsam@~1.1:
  version "1.1.3"
  resolved "https://registry.yarnpkg.com/samsam/-/samsam-1.1.3.tgz#9f5087419b4d091f232571e7fa52e90b0f552621"

samsam@1.1.2:
  version "1.1.2"
  resolved "https://registry.yarnpkg.com/samsam/-/samsam-1.1.2.tgz#bec11fdc83a9fda063401210e40176c3024d1567"

sigmund@~1.0.0:
  version "1.0.1"
  resolved "https://registry.yarnpkg.com/sigmund/-/sigmund-1.0.1.tgz#3ff21f198cad2175f9f3b781853fd94d0d19b590"

sinon@1.17.3:
  version "1.17.3"
  resolved "https://registry.yarnpkg.com/sinon/-/sinon-1.17.3.tgz#44d64bc748d023880046c1543cefcea34c47d17e"
  dependencies:
    formatio "1.1.1"
    lolex "1.3.2"
    samsam "1.1.2"
    util ">=0.10.3 <1"

string_decoder@~0.10.x:
  version "0.10.31"
  resolved "https://registry.yarnpkg.com/string_decoder/-/string_decoder-0.10.31.tgz#62e203bc41766c6c28c9fc84301dab1c5310fa94"

superagent@1.7.1:
  version "1.7.1"
  resolved "https://registry.yarnpkg.com/superagent/-/superagent-1.7.1.tgz#bc2ed6629055e6f18557ceaa2cb2a07d9e16d327"
  dependencies:
    component-emitter "~1.2.0"
    cookiejar "2.0.6"
    debug "2"
    extend "1.2.1"
    form-data "0.2.0"
    formidable "~1.0.14"
    methods "~1.1.1"
    mime "1.3.4"
    qs "2.3.3"
    readable-stream "1.0.27-1"
    reduce-component "1.0.1"

supports-color@1.2.0:
  version "1.2.0"
  resolved "https://registry.yarnpkg.com/supports-color/-/supports-color-1.2.0.tgz#ff1ed1e61169d06b3cf2d588e188b18d8847e17e"

"util@>=0.10.3 <1":
  version "0.10.3"
  resolved "https://registry.yarnpkg.com/util/-/util-0.10.3.tgz#7afb1afe50805246489e3db7fe0ed379336ac0f9"
  dependencies:
    inherits "2.0.1"

